// !$*UTF8*$!
{
	archiveVersion = 1;
	classes = {
	};
	objectVersion = 46;
	objects = {

/* Begin PBXBuildFile section */
		8BF64FE51C5E8FC300A6E0D1 /* AppDelegate.swift in Sources */ = {isa = PBXBuildFile; fileRef = 8BF64FE41C5E8FC300A6E0D1 /* AppDelegate.swift */; };
		8BF64FE71C5E8FC300A6E0D1 /* ViewController.swift in Sources */ = {isa = PBXBuildFile; fileRef = 8BF64FE61C5E8FC300A6E0D1 /* ViewController.swift */; };
		8BF64FEA1C5E8FC300A6E0D1 /* Main.storyboard in Resources */ = {isa = PBXBuildFile; fileRef = 8BF64FE81C5E8FC300A6E0D1 /* Main.storyboard */; };
		8BF64FEC1C5E8FC300A6E0D1 /* Assets.xcassets in Resources */ = {isa = PBXBuildFile; fileRef = 8BF64FEB1C5E8FC300A6E0D1 /* Assets.xcassets */; };
		8BF64FEF1C5E8FC300A6E0D1 /* LaunchScreen.storyboard in Resources */ = {isa = PBXBuildFile; fileRef = 8BF64FED1C5E8FC300A6E0D1 /* LaunchScreen.storyboard */; };
		8BF650061C5E917400A6E0D1 /* AEAppVersionManager.framework in Frameworks */ = {isa = PBXBuildFile; fileRef = 8BF650031C5E914600A6E0D1 /* AEAppVersionManager.framework */; };
		8BF650071C5E917400A6E0D1 /* AEAppVersionManager.framework in Embed Frameworks */ = {isa = PBXBuildFile; fileRef = 8BF650031C5E914600A6E0D1 /* AEAppVersionManager.framework */; settings = {ATTRIBUTES = (CodeSignOnCopy, RemoveHeadersOnCopy, ); }; };
/* End PBXBuildFile section */

/* Begin PBXContainerItemProxy section */
		8BF650021C5E914600A6E0D1 /* PBXContainerItemProxy */ = {
			isa = PBXContainerItemProxy;
			containerPortal = 8BF64FFD1C5E914600A6E0D1 /* AEAppVersionManager.xcodeproj */;
			proxyType = 2;
			remoteGlobalIDString = 8BF64F9C1C5E89BA00A6E0D1;
			remoteInfo = AEAppVersionManager;
		};
		8BF650041C5E914600A6E0D1 /* PBXContainerItemProxy */ = {
			isa = PBXContainerItemProxy;
			containerPortal = 8BF64FFD1C5E914600A6E0D1 /* AEAppVersionManager.xcodeproj */;
			proxyType = 2;
			remoteGlobalIDString = 8BF64FA61C5E89BA00A6E0D1;
			remoteInfo = AEAppVersionManagerTests;
		};
		8BF650081C5E917400A6E0D1 /* PBXContainerItemProxy */ = {
			isa = PBXContainerItemProxy;
			containerPortal = 8BF64FFD1C5E914600A6E0D1 /* AEAppVersionManager.xcodeproj */;
			proxyType = 1;
			remoteGlobalIDString = 8BF64F9B1C5E89BA00A6E0D1;
			remoteInfo = AEAppVersionManager;
		};
/* End PBXContainerItemProxy section */

/* Begin PBXCopyFilesBuildPhase section */
		8BF6500A1C5E917400A6E0D1 /* Embed Frameworks */ = {
			isa = PBXCopyFilesBuildPhase;
			buildActionMask = 2147483647;
			dstPath = "";
			dstSubfolderSpec = 10;
			files = (
				8BF650071C5E917400A6E0D1 /* AEAppVersionManager.framework in Embed Frameworks */,
			);
			name = "Embed Frameworks";
			runOnlyForDeploymentPostprocessing = 0;
		};
/* End PBXCopyFilesBuildPhase section */

/* Begin PBXFileReference section */
		8BF64FE11C5E8FC300A6E0D1 /* iOS Example.app */ = {isa = PBXFileReference; explicitFileType = wrapper.application; includeInIndex = 0; path = "iOS Example.app"; sourceTree = BUILT_PRODUCTS_DIR; };
		8BF64FE41C5E8FC300A6E0D1 /* AppDelegate.swift */ = {isa = PBXFileReference; lastKnownFileType = sourcecode.swift; path = AppDelegate.swift; sourceTree = "<group>"; };
		8BF64FE61C5E8FC300A6E0D1 /* ViewController.swift */ = {isa = PBXFileReference; lastKnownFileType = sourcecode.swift; path = ViewController.swift; sourceTree = "<group>"; };
		8BF64FE91C5E8FC300A6E0D1 /* Base */ = {isa = PBXFileReference; lastKnownFileType = file.storyboard; name = Base; path = Base.lproj/Main.storyboard; sourceTree = "<group>"; };
		8BF64FEB1C5E8FC300A6E0D1 /* Assets.xcassets */ = {isa = PBXFileReference; lastKnownFileType = folder.assetcatalog; path = Assets.xcassets; sourceTree = "<group>"; };
		8BF64FEE1C5E8FC300A6E0D1 /* Base */ = {isa = PBXFileReference; lastKnownFileType = file.storyboard; name = Base; path = Base.lproj/LaunchScreen.storyboard; sourceTree = "<group>"; };
		8BF64FF01C5E8FC300A6E0D1 /* Info.plist */ = {isa = PBXFileReference; lastKnownFileType = text.plist.xml; path = Info.plist; sourceTree = "<group>"; };
		8BF64FFD1C5E914600A6E0D1 /* AEAppVersionManager.xcodeproj */ = {isa = PBXFileReference; lastKnownFileType = "wrapper.pb-project"; path = AEAppVersionManager.xcodeproj; sourceTree = "<group>"; };
/* End PBXFileReference section */

/* Begin PBXFrameworksBuildPhase section */
		8BF64FDE1C5E8FC300A6E0D1 /* Frameworks */ = {
			isa = PBXFrameworksBuildPhase;
			buildActionMask = 2147483647;
			files = (
				8BF650061C5E917400A6E0D1 /* AEAppVersionManager.framework in Frameworks */,
			);
			runOnlyForDeploymentPostprocessing = 0;
		};
/* End PBXFrameworksBuildPhase section */

/* Begin PBXGroup section */
		8BF64FD81C5E8FC300A6E0D1 = {
			isa = PBXGroup;
			children = (
				8BF64FE31C5E8FC300A6E0D1 /* Source */,
				8BF64FE21C5E8FC300A6E0D1 /* Products */,
				8BF64FFD1C5E914600A6E0D1 /* AEAppVersionManager.xcodeproj */,
			);
			sourceTree = "<group>";
		};
		8BF64FE21C5E8FC300A6E0D1 /* Products */ = {
			isa = PBXGroup;
			children = (
				8BF64FE11C5E8FC300A6E0D1 /* iOS Example.app */,
			);
			name = Products;
			sourceTree = "<group>";
		};
		8BF64FE31C5E8FC300A6E0D1 /* Source */ = {
			isa = PBXGroup;
			children = (
				8BF64FE41C5E8FC300A6E0D1 /* AppDelegate.swift */,
				8BF64FE61C5E8FC300A6E0D1 /* ViewController.swift */,
				8BF64FFC1C5E907200A6E0D1 /* Supporting Files */,
			);
			name = Source;
			path = Example;
			sourceTree = "<group>";
		};
		8BF64FFC1C5E907200A6E0D1 /* Supporting Files */ = {
			isa = PBXGroup;
			children = (
				8BF64FED1C5E8FC300A6E0D1 /* LaunchScreen.storyboard */,
				8BF64FE81C5E8FC300A6E0D1 /* Main.storyboard */,
				8BF64FEB1C5E8FC300A6E0D1 /* Assets.xcassets */,
				8BF64FF01C5E8FC300A6E0D1 /* Info.plist */,
			);
			name = "Supporting Files";
			sourceTree = "<group>";
		};
		8BF64FFE1C5E914600A6E0D1 /* Products */ = {
			isa = PBXGroup;
			children = (
				8BF650031C5E914600A6E0D1 /* AEAppVersionManager.framework */,
				8BF650051C5E914600A6E0D1 /* AEAppVersionManagerTests.xctest */,
			);
			name = Products;
			sourceTree = "<group>";
		};
/* End PBXGroup section */

/* Begin PBXNativeTarget section */
		8BF64FE01C5E8FC300A6E0D1 /* iOS Example */ = {
			isa = PBXNativeTarget;
			buildConfigurationList = 8BF64FF31C5E8FC300A6E0D1 /* Build configuration list for PBXNativeTarget "iOS Example" */;
			buildPhases = (
				8BF64FDD1C5E8FC300A6E0D1 /* Sources */,
				8BF64FDE1C5E8FC300A6E0D1 /* Frameworks */,
				8BF64FDF1C5E8FC300A6E0D1 /* Resources */,
				8BF6500A1C5E917400A6E0D1 /* Embed Frameworks */,
			);
			buildRules = (
			);
			dependencies = (
				8BF650091C5E917400A6E0D1 /* PBXTargetDependency */,
			);
			name = "iOS Example";
			productName = "iOS Example";
			productReference = 8BF64FE11C5E8FC300A6E0D1 /* iOS Example.app */;
			productType = "com.apple.product-type.application";
		};
/* End PBXNativeTarget section */

/* Begin PBXProject section */
		8BF64FD91C5E8FC300A6E0D1 /* Project object */ = {
			isa = PBXProject;
			attributes = {
				LastSwiftUpdateCheck = 0720;
				LastUpgradeCheck = 0720;
				ORGANIZATIONNAME = AE;
				TargetAttributes = {
					8BF64FE01C5E8FC300A6E0D1 = {
						CreatedOnToolsVersion = 7.2;
					};
				};
			};
			buildConfigurationList = 8BF64FDC1C5E8FC300A6E0D1 /* Build configuration list for PBXProject "iOS Example" */;
			compatibilityVersion = "Xcode 3.2";
			developmentRegion = English;
			hasScannedForEncodings = 0;
			knownRegions = (
				en,
				Base,
			);
			mainGroup = 8BF64FD81C5E8FC300A6E0D1;
			productRefGroup = 8BF64FE21C5E8FC300A6E0D1 /* Products */;
			projectDirPath = "";
			projectReferences = (
				{
					ProductGroup = 8BF64FFE1C5E914600A6E0D1 /* Products */;
					ProjectRef = 8BF64FFD1C5E914600A6E0D1 /* AEAppVersionManager.xcodeproj */;
				},
			);
			projectRoot = "";
			targets = (
				8BF64FE01C5E8FC300A6E0D1 /* iOS Example */,
			);
		};
/* End PBXProject section */

/* Begin PBXReferenceProxy section */
		8BF650031C5E914600A6E0D1 /* AEAppVersionManager.framework */ = {
			isa = PBXReferenceProxy;
			fileType = wrapper.framework;
			path = AEAppVersionManager.framework;
			remoteRef = 8BF650021C5E914600A6E0D1 /* PBXContainerItemProxy */;
			sourceTree = BUILT_PRODUCTS_DIR;
		};
		8BF650051C5E914600A6E0D1 /* AEAppVersionManagerTests.xctest */ = {
			isa = PBXReferenceProxy;
			fileType = wrapper.cfbundle;
			path = AEAppVersionManagerTests.xctest;
			remoteRef = 8BF650041C5E914600A6E0D1 /* PBXContainerItemProxy */;
			sourceTree = BUILT_PRODUCTS_DIR;
		};
/* End PBXReferenceProxy section */

/* Begin PBXResourcesBuildPhase section */
		8BF64FDF1C5E8FC300A6E0D1 /* Resources */ = {
			isa = PBXResourcesBuildPhase;
			buildActionMask = 2147483647;
			files = (
				8BF64FEF1C5E8FC300A6E0D1 /* LaunchScreen.storyboard in Resources */,
				8BF64FEC1C5E8FC300A6E0D1 /* Assets.xcassets in Resources */,
				8BF64FEA1C5E8FC300A6E0D1 /* Main.storyboard in Resources */,
			);
			runOnlyForDeploymentPostprocessing = 0;
		};
/* End PBXResourcesBuildPhase section */

/* Begin PBXSourcesBuildPhase section */
		8BF64FDD1C5E8FC300A6E0D1 /* Sources */ = {
			isa = PBXSourcesBuildPhase;
			buildActionMask = 2147483647;
			files = (
				8BF64FE71C5E8FC300A6E0D1 /* ViewController.swift in Sources */,
				8BF64FE51C5E8FC300A6E0D1 /* AppDelegate.swift in Sources */,
			);
			runOnlyForDeploymentPostprocessing = 0;
		};
/* End PBXSourcesBuildPhase section */

/* Begin PBXTargetDependency section */
		8BF650091C5E917400A6E0D1 /* PBXTargetDependency */ = {
			isa = PBXTargetDependency;
			name = AEAppVersionManager;
			targetProxy = 8BF650081C5E917400A6E0D1 /* PBXContainerItemProxy */;
		};
/* End PBXTargetDependency section */

/* Begin PBXVariantGroup section */
		8BF64FE81C5E8FC300A6E0D1 /* Main.storyboard */ = {
			isa = PBXVariantGroup;
			children = (
				8BF64FE91C5E8FC300A6E0D1 /* Base */,
			);
			name = Main.storyboard;
			sourceTree = "<group>";
		};
		8BF64FED1C5E8FC300A6E0D1 /* LaunchScreen.storyboard */ = {
			isa = PBXVariantGroup;
			children = (
				8BF64FEE1C5E8FC300A6E0D1 /* Base */,
			);
			name = LaunchScreen.storyboard;
			sourceTree = "<group>";
		};
/* End PBXVariantGroup section */

/* Begin XCBuildConfiguration section */
		8BF64FF11C5E8FC300A6E0D1 /* Debug */ = {
			isa = XCBuildConfiguration;
			buildSettings = {
				ALWAYS_SEARCH_USER_PATHS = NO;
				CLANG_CXX_LANGUAGE_STANDARD = "gnu++0x";
				CLANG_CXX_LIBRARY = "libc++";
				CLANG_ENABLE_MODULES = YES;
				CLANG_ENABLE_OBJC_ARC = YES;
				CLANG_WARN_BOOL_CONVERSION = YES;
				CLANG_WARN_CONSTANT_CONVERSION = YES;
				CLANG_WARN_DIRECT_OBJC_ISA_USAGE = YES_ERROR;
				CLANG_WARN_EMPTY_BODY = YES;
				CLANG_WARN_ENUM_CONVERSION = YES;
				CLANG_WARN_INT_CONVERSION = YES;
				CLANG_WARN_OBJC_ROOT_CLASS = YES_ERROR;
				CLANG_WARN_UNREACHABLE_CODE = YES;
				CLANG_WARN__DUPLICATE_METHOD_MATCH = YES;
				"CODE_SIGN_IDENTITY[sdk=iphoneos*]" = "iPhone Developer";
				COPY_PHASE_STRIP = NO;
				DEBUG_INFORMATION_FORMAT = dwarf;
				ENABLE_STRICT_OBJC_MSGSEND = YES;
				ENABLE_TESTABILITY = YES;
				GCC_C_LANGUAGE_STANDARD = gnu99;
				GCC_DYNAMIC_NO_PIC = NO;
				GCC_NO_COMMON_BLOCKS = YES;
				GCC_OPTIMIZATION_LEVEL = 0;
				GCC_PREPROCESSOR_DEFINITIONS = (
					"DEBUG=1",
					"$(inherited)",
				);
				GCC_WARN_64_TO_32_BIT_CONVERSION = YES;
				GCC_WARN_ABOUT_RETURN_TYPE = YES_ERROR;
				GCC_WARN_UNDECLARED_SELECTOR = YES;
				GCC_WARN_UNINITIALIZED_AUTOS = YES_AGGRESSIVE;
				GCC_WARN_UNUSED_FUNCTION = YES;
				GCC_WARN_UNUSED_VARIABLE = YES;
				IPHONEOS_DEPLOYMENT_TARGET = 8.0;
				MTL_ENABLE_DEBUG_INFO = YES;
				ONLY_ACTIVE_ARCH = YES;
				SDKROOT = iphoneos;
				SWIFT_OPTIMIZATION_LEVEL = "-Onone";
				TARGETED_DEVICE_FAMILY = "1,2";
			};
			name = Debug;
		};
		8BF64FF21C5E8FC300A6E0D1 /* Release */ = {
			isa = XCBuildConfiguration;
			buildSettings = {
				ALWAYS_SEARCH_USER_PATHS = NO;
				CLANG_CXX_LANGUAGE_STANDARD = "gnu++0x";
				CLANG_CXX_LIBRARY = "libc++";
				CLANG_ENABLE_MODULES = YES;
				CLANG_ENABLE_OBJC_ARC = YES;
				CLANG_WARN_BOOL_CONVERSION = YES;
				CLANG_WARN_CONSTANT_CONVERSION = YES;
				CLANG_WARN_DIRECT_OBJC_ISA_USAGE = YES_ERROR;
				CLANG_WARN_EMPTY_BODY = YES;
				CLANG_WARN_ENUM_CONVERSION = YES;
				CLANG_WARN_INT_CONVERSION = YES;
				CLANG_WARN_OBJC_ROOT_CLASS = YES_ERROR;
				CLANG_WARN_UNREACHABLE_CODE = YES;
				CLANG_WARN__DUPLICATE_METHOD_MATCH = YES;
				"CODE_SIGN_IDENTITY[sdk=iphoneos*]" = "iPhone Developer";
				COPY_PHASE_STRIP = NO;
				DEBUG_INFORMATION_FORMAT = "dwarf-with-dsym";
				ENABLE_NS_ASSERTIONS = NO;
				ENABLE_STRICT_OBJC_MSGSEND = YES;
				GCC_C_LANGUAGE_STANDARD = gnu99;
				GCC_NO_COMMON_BLOCKS = YES;
				GCC_WARN_64_TO_32_BIT_CONVERSION = YES;
				GCC_WARN_ABOUT_RETURN_TYPE = YES_ERROR;
				GCC_WARN_UNDECLARED_SELECTOR = YES;
				GCC_WARN_UNINITIALIZED_AUTOS = YES_AGGRESSIVE;
				GCC_WARN_UNUSED_FUNCTION = YES;
				GCC_WARN_UNUSED_VARIABLE = YES;
				IPHONEOS_DEPLOYMENT_TARGET = 8.0;
				MTL_ENABLE_DEBUG_INFO = NO;
				SDKROOT = iphoneos;
				TARGETED_DEVICE_FAMILY = "1,2";
				VALIDATE_PRODUCT = YES;
			};
			name = Release;
		};
		8BF64FF41C5E8FC300A6E0D1 /* Debug */ = {
			isa = XCBuildConfiguration;
			buildSettings = {
				ASSETCATALOG_COMPILER_APPICON_NAME = AppIcon;
				EMBEDDED_CONTENT_CONTAINS_SWIFT = YES;
				INFOPLIST_FILE = Example/Info.plist;
				LD_RUNPATH_SEARCH_PATHS = "$(inherited) @executable_path/Frameworks";
				PRODUCT_BUNDLE_IDENTIFIER = "net.tadija.AEAppVersionManager.iOS-Example";
				PRODUCT_NAME = "$(TARGET_NAME)";
			};
			name = Debug;
		};
		8BF64FF51C5E8FC300A6E0D1 /* Release */ = {
			isa = XCBuildConfiguration;
			buildSettings = {
				ASSETCATALOG_COMPILER_APPICON_NAME = AppIcon;
				EMBEDDED_CONTENT_CONTAINS_SWIFT = YES;
				INFOPLIST_FILE = Example/Info.plist;
				LD_RUNPATH_SEARCH_PATHS = "$(inherited) @executable_path/Frameworks";
				PRODUCT_BUNDLE_IDENTIFIER = "net.tadija.AEAppVersionManager.iOS-Example";
				PRODUCT_NAME = "$(TARGET_NAME)";
			};
			name = Release;
		};
/* End XCBuildConfiguration section */

/* Begin XCConfigurationList section */
		8BF64FDC1C5E8FC300A6E0D1 /* Build configuration list for PBXProject "iOS Example" */ = {
			isa = XCConfigurationList;
			buildConfigurations = (
				8BF64FF11C5E8FC300A6E0D1 /* Debug */,
				8BF64FF21C5E8FC300A6E0D1 /* Release */,
			);
			defaultConfigurationIsVisible = 0;
			defaultConfigurationName = Release;
		};
		8BF64FF31C5E8FC300A6E0D1 /* Build configuration list for PBXNativeTarget "iOS Example" */ = {
			isa = XCConfigurationList;
			buildConfigurations = (
				8BF64FF41C5E8FC300A6E0D1 /* Debug */,
				8BF64FF51C5E8FC300A6E0D1 /* Release */,
			);
			defaultConfigurationIsVisible = 0;
			defaultConfigurationName = Release;
		};
/* End XCConfigurationList section */
	};
	rootObject = 8BF64FD91C5E8FC300A6E0D1 /* Project object */;
}
